// !$*UTF8*$!
{
	archiveVersion = 1;
	classes = {
	};
	objectVersion = 48;
	objects = {

/* Begin PBXBuildFile section */
		2C589069201D1C8D00F75A17 /* AppDelegate.swift in Sources */ = {isa = PBXBuildFile; fileRef = 2C589068201D1C8D00F75A17 /* AppDelegate.swift */; };
		2C58906F201D1C8D00F75A17 /* GameScene.swift in Sources */ = {isa = PBXBuildFile; fileRef = 2C58906E201D1C8D00F75A17 /* GameScene.swift */; };
		2C589071201D1C8D00F75A17 /* GameViewController.swift in Sources */ = {isa = PBXBuildFile; fileRef = 2C589070201D1C8D00F75A17 /* GameViewController.swift */; };
		2C589074201D1C8D00F75A17 /* Main.storyboard in Resources */ = {isa = PBXBuildFile; fileRef = 2C589072201D1C8D00F75A17 /* Main.storyboard */; };
		2C589076201D1C8D00F75A17 /* Assets.xcassets in Resources */ = {isa = PBXBuildFile; fileRef = 2C589075201D1C8D00F75A17 /* Assets.xcassets */; };
		2C589079201D1C8D00F75A17 /* LaunchScreen.storyboard in Resources */ = {isa = PBXBuildFile; fileRef = 2C589077201D1C8D00F75A17 /* LaunchScreen.storyboard */; };
		2CC95E82206B518D0037FF2D /* SMP.swift in Sources */ = {isa = PBXBuildFile; fileRef = 2CC95E81206B518C0037FF2D /* SMP.swift */; };
		2CF60E43201D38D900CF9A30 /* Kappa.png in Resources */ = {isa = PBXBuildFile; fileRef = 2CF60E42201D38D900CF9A30 /* Kappa.png */; };
		2CF60E4A201D6DA400CF9A30 /* FailFish.png in Resources */ = {isa = PBXBuildFile; fileRef = 2CF60E48201D6DA400CF9A30 /* FailFish.png */; };
		2CF60E4B201D6DA400CF9A30 /* PogChamp.png in Resources */ = {isa = PBXBuildFile; fileRef = 2CF60E49201D6DA400CF9A30 /* PogChamp.png */; };
		2CFB747E201D9D4D005FCAF5 /* PepeNumbers.gif in Resources */ = {isa = PBXBuildFile; fileRef = 2CFB747D201D9D4D005FCAF5 /* PepeNumbers.gif */; };
		9771114A68D79C52372536F3 /* Pods_BitcoinBlast.framework in Frameworks */ = {isa = PBXBuildFile; fileRef = 9137FB0D9F4258A72005A750 /* Pods_BitcoinBlast.framework */; };
/* End PBXBuildFile section */

/* Begin PBXFileReference section */
		22EC3335575189121188BC4D /* Pods-BitcoinBlast.release.xcconfig */ = {isa = PBXFileReference; includeInIndex = 1; lastKnownFileType = text.xcconfig; name = "Pods-BitcoinBlast.release.xcconfig"; path = "Pods/Target Support Files/Pods-BitcoinBlast/Pods-BitcoinBlast.release.xcconfig"; sourceTree = "<group>"; };
		2C589065201D1C8D00F75A17 /* BitcoinBlast.app */ = {isa = PBXFileReference; explicitFileType = wrapper.application; includeInIndex = 0; path = BitcoinBlast.app; sourceTree = BUILT_PRODUCTS_DIR; };
		2C589068201D1C8D00F75A17 /* AppDelegate.swift */ = {isa = PBXFileReference; lastKnownFileType = sourcecode.swift; path = AppDelegate.swift; sourceTree = "<group>"; };
		2C58906E201D1C8D00F75A17 /* GameScene.swift */ = {isa = PBXFileReference; lastKnownFileType = sourcecode.swift; path = GameScene.swift; sourceTree = "<group>"; };
		2C589070201D1C8D00F75A17 /* GameViewController.swift */ = {isa = PBXFileReference; lastKnownFileType = sourcecode.swift; path = GameViewController.swift; sourceTree = "<group>"; };
		2C589073201D1C8D00F75A17 /* Base */ = {isa = PBXFileReference; lastKnownFileType = file.storyboard; name = Base; path = Base.lproj/Main.storyboard; sourceTree = "<group>"; };
		2C589075201D1C8D00F75A17 /* Assets.xcassets */ = {isa = PBXFileReference; lastKnownFileType = folder.assetcatalog; path = Assets.xcassets; sourceTree = "<group>"; };
		2C589078201D1C8D00F75A17 /* Base */ = {isa = PBXFileReference; lastKnownFileType = file.storyboard; name = Base; path = Base.lproj/LaunchScreen.storyboard; sourceTree = "<group>"; };
		2C58907A201D1C8D00F75A17 /* Info.plist */ = {isa = PBXFileReference; lastKnownFileType = text.plist.xml; path = Info.plist; sourceTree = "<group>"; };
		2CC95E81206B518C0037FF2D /* SMP.swift */ = {isa = PBXFileReference; fileEncoding = 4; lastKnownFileType = sourcecode.swift; path = SMP.swift; sourceTree = "<group>"; };
		2CF60E42201D38D900CF9A30 /* Kappa.png */ = {isa = PBXFileReference; lastKnownFileType = image.png; path = Kappa.png; sourceTree = "<group>"; };
		2CF60E48201D6DA400CF9A30 /* FailFish.png */ = {isa = PBXFileReference; lastKnownFileType = image.png; path = FailFish.png; sourceTree = "<group>"; };
		2CF60E49201D6DA400CF9A30 /* PogChamp.png */ = {isa = PBXFileReference; lastKnownFileType = image.png; path = PogChamp.png; sourceTree = "<group>"; };
		2CFB747D201D9D4D005FCAF5 /* PepeNumbers.gif */ = {isa = PBXFileReference; lastKnownFileType = image.gif; path = PepeNumbers.gif; sourceTree = "<group>"; };
		784C038A2660AFF450D40E06 /* Pods-BitcoinBlast.debug.xcconfig */ = {isa = PBXFileReference; includeInIndex = 1; lastKnownFileType = text.xcconfig; name = "Pods-BitcoinBlast.debug.xcconfig"; path = "Pods/Target Support Files/Pods-BitcoinBlast/Pods-BitcoinBlast.debug.xcconfig"; sourceTree = "<group>"; };
		9137FB0D9F4258A72005A750 /* Pods_BitcoinBlast.framework */ = {isa = PBXFileReference; explicitFileType = wrapper.framework; includeInIndex = 0; path = Pods_BitcoinBlast.framework; sourceTree = BUILT_PRODUCTS_DIR; };
/* End PBXFileReference section */

/* Begin PBXFrameworksBuildPhase section */
		2C589062201D1C8D00F75A17 /* Frameworks */ = {
			isa = PBXFrameworksBuildPhase;
			buildActionMask = 2147483647;
			files = (
				9771114A68D79C52372536F3 /* Pods_BitcoinBlast.framework in Frameworks */,
			);
			runOnlyForDeploymentPostprocessing = 0;
		};
/* End PBXFrameworksBuildPhase section */

/* Begin PBXGroup section */
		03906F5B24D7D6FCAF707E35 /* Pods */ = {
			isa = PBXGroup;
			children = (
				784C038A2660AFF450D40E06 /* Pods-BitcoinBlast.debug.xcconfig */,
				22EC3335575189121188BC4D /* Pods-BitcoinBlast.release.xcconfig */,
			);
			name = Pods;
			sourceTree = "<group>";
		};
		2C58905C201D1C8D00F75A17 = {
			isa = PBXGroup;
			children = (
				2C589067201D1C8D00F75A17 /* BitcoinBlast */,
				2C589066201D1C8D00F75A17 /* Products */,
				03906F5B24D7D6FCAF707E35 /* Pods */,
				FD1A5AE1C8C75085DB63CC1E /* Frameworks */,
			);
			sourceTree = "<group>";
		};
		2C589066201D1C8D00F75A17 /* Products */ = {
			isa = PBXGroup;
			children = (
				2C589065201D1C8D00F75A17 /* BitcoinBlast.app */,
			);
			name = Products;
			sourceTree = "<group>";
		};
		2C589067201D1C8D00F75A17 /* BitcoinBlast */ = {
			isa = PBXGroup;
			children = (
				2CFB747D201D9D4D005FCAF5 /* PepeNumbers.gif */,
				2CF60E48201D6DA400CF9A30 /* FailFish.png */,
				2CF60E49201D6DA400CF9A30 /* PogChamp.png */,
				2CC95E81206B518C0037FF2D /* SMP.swift */,
				2C589068201D1C8D00F75A17 /* AppDelegate.swift */,
				2C58906E201D1C8D00F75A17 /* GameScene.swift */,
				2C589070201D1C8D00F75A17 /* GameViewController.swift */,
				2C589072201D1C8D00F75A17 /* Main.storyboard */,
				2C589075201D1C8D00F75A17 /* Assets.xcassets */,
				2C589077201D1C8D00F75A17 /* LaunchScreen.storyboard */,
				2CF60E42201D38D900CF9A30 /* Kappa.png */,
				2C58907A201D1C8D00F75A17 /* Info.plist */,
			);
			path = BitcoinBlast;
			sourceTree = "<group>";
		};
		FD1A5AE1C8C75085DB63CC1E /* Frameworks */ = {
			isa = PBXGroup;
			children = (
				9137FB0D9F4258A72005A750 /* Pods_BitcoinBlast.framework */,
			);
			name = Frameworks;
			sourceTree = "<group>";
		};
/* End PBXGroup section */

/* Begin PBXNativeTarget section */
		2C589064201D1C8D00F75A17 /* BitcoinBlast */ = {
			isa = PBXNativeTarget;
			buildConfigurationList = 2C58907D201D1C8D00F75A17 /* Build configuration list for PBXNativeTarget "BitcoinBlast" */;
			buildPhases = (
				8782A4D1AF9FF4E997CEA452 /* [CP] Check Pods Manifest.lock */,
				2C589061201D1C8D00F75A17 /* Sources */,
				2C589062201D1C8D00F75A17 /* Frameworks */,
				2C589063201D1C8D00F75A17 /* Resources */,
				0A4C6F9F3502BC3DA60E5B49 /* [CP] Embed Pods Frameworks */,
				8381089E3A53EBFDC81479B6 /* [CP] Copy Pods Resources */,
			);
			buildRules = (
			);
			dependencies = (
			);
			name = BitcoinBlast;
			productName = BitcoinBlast;
			productReference = 2C589065201D1C8D00F75A17 /* BitcoinBlast.app */;
			productType = "com.apple.product-type.application";
		};
/* End PBXNativeTarget section */

/* Begin PBXProject section */
		2C58905D201D1C8D00F75A17 /* Project object */ = {
			isa = PBXProject;
			attributes = {
				LastSwiftUpdateCheck = 0920;
				LastUpgradeCheck = 0920;
				ORGANIZATIONNAME = "Griffin Beels";
				TargetAttributes = {
					2C589064201D1C8D00F75A17 = {
						CreatedOnToolsVersion = 9.2;
						ProvisioningStyle = Automatic;
					};
				};
			};
			buildConfigurationList = 2C589060201D1C8D00F75A17 /* Build configuration list for PBXProject "BitcoinBlast" */;
			compatibilityVersion = "Xcode 8.0";
			developmentRegion = en;
			hasScannedForEncodings = 0;
			knownRegions = (
				en,
				Base,
			);
			mainGroup = 2C58905C201D1C8D00F75A17;
			productRefGroup = 2C589066201D1C8D00F75A17 /* Products */;
			projectDirPath = "";
			projectRoot = "";
			targets = (
				2C589064201D1C8D00F75A17 /* BitcoinBlast */,
			);
		};
/* End PBXProject section */

/* Begin PBXResourcesBuildPhase section */
		2C589063201D1C8D00F75A17 /* Resources */ = {
			isa = PBXResourcesBuildPhase;
			buildActionMask = 2147483647;
			files = (
				2C589074201D1C8D00F75A17 /* Main.storyboard in Resources */,
				2CF60E4A201D6DA400CF9A30 /* FailFish.png in Resources */,
				2CF60E4B201D6DA400CF9A30 /* PogChamp.png in Resources */,
				2CFB747E201D9D4D005FCAF5 /* PepeNumbers.gif in Resources */,
				2CF60E43201D38D900CF9A30 /* Kappa.png in Resources */,
				2C589076201D1C8D00F75A17 /* Assets.xcassets in Resources */,
				2C589079201D1C8D00F75A17 /* LaunchScreen.storyboard in Resources */,
			);
			runOnlyForDeploymentPostprocessing = 0;
		};
/* End PBXResourcesBuildPhase section */

/* Begin PBXShellScriptBuildPhase section */
		0A4C6F9F3502BC3DA60E5B49 /* [CP] Embed Pods Frameworks */ = {
			isa = PBXShellScriptBuildPhase;
			buildActionMask = 2147483647;
			files = (
			);
			inputPaths = (
				"${SRCROOT}/Pods/Target Support Files/Pods-BitcoinBlast/Pods-BitcoinBlast-frameworks.sh",
				"${BUILT_PRODUCTS_DIR}/Gifu/Gifu.framework",
			);
			name = "[CP] Embed Pods Frameworks";
			outputPaths = (
				"${TARGET_BUILD_DIR}/${FRAMEWORKS_FOLDER_PATH}/Gifu.framework",
			);
			runOnlyForDeploymentPostprocessing = 0;
			shellPath = /bin/sh;
			shellScript = "\"${SRCROOT}/Pods/Target Support Files/Pods-BitcoinBlast/Pods-BitcoinBlast-frameworks.sh\"\n";
			showEnvVarsInLog = 0;
		};
		8381089E3A53EBFDC81479B6 /* [CP] Copy Pods Resources */ = {
			isa = PBXShellScriptBuildPhase;
			buildActionMask = 2147483647;
			files = (
			);
			inputPaths = (
			);
			name = "[CP] Copy Pods Resources";
			outputPaths = (
			);
			runOnlyForDeploymentPostprocessing = 0;
			shellPath = /bin/sh;
			shellScript = "\"${SRCROOT}/Pods/Target Support Files/Pods-BitcoinBlast/Pods-BitcoinBlast-resources.sh\"\n";
			showEnvVarsInLog = 0;
		};
		8782A4D1AF9FF4E997CEA452 /* [CP] Check Pods Manifest.lock */ = {
			isa = PBXShellScriptBuildPhase;
			buildActionMask = 2147483647;
			files = (
			);
			inputPaths = (
				"${PODS_PODFILE_DIR_PATH}/Podfile.lock",
				"${PODS_ROOT}/Manifest.lock",
			);
			name = "[CP] Check Pods Manifest.lock";
			outputPaths = (
				"$(DERIVED_FILE_DIR)/Pods-BitcoinBlast-checkManifestLockResult.txt",
			);
			runOnlyForDeploymentPostprocessing = 0;
			shellPath = /bin/sh;
			shellScript = "diff \"${PODS_PODFILE_DIR_PATH}/Podfile.lock\" \"${PODS_ROOT}/Manifest.lock\" > /dev/null\nif [ $? != 0 ] ; then\n    # print error to STDERR\n    echo \"error: The sandbox is not in sync with the Podfile.lock. Run 'pod install' or update your CocoaPods installation.\" >&2\n    exit 1\nfi\n# This output is used by Xcode 'outputs' to avoid re-running this script phase.\necho \"SUCCESS\" > \"${SCRIPT_OUTPUT_FILE_0}\"\n";
			showEnvVarsInLog = 0;
		};
/* End PBXShellScriptBuildPhase section */

/* Begin PBXSourcesBuildPhase section */
		2C589061201D1C8D00F75A17 /* Sources */ = {
			isa = PBXSourcesBuildPhase;
			buildActionMask = 2147483647;
			files = (
				2CC95E82206B518D0037FF2D /* SMP.swift in Sources */,
				2C58906F201D1C8D00F75A17 /* GameScene.swift in Sources */,
				2C589071201D1C8D00F75A17 /* GameViewController.swift in Sources */,
				2C589069201D1C8D00F75A17 /* AppDelegate.swift in Sources */,
			);
			runOnlyForDeploymentPostprocessing = 0;
		};
/* End PBXSourcesBuildPhase section */

/* Begin PBXVariantGroup section */
		2C589072201D1C8D00F75A17 /* Main.storyboard */ = {
			isa = PBXVariantGroup;
			children = (
				2C589073201D1C8D00F75A17 /* Base */,
			);
			name = Main.storyboard;
			sourceTree = "<group>";
		};
		2C589077201D1C8D00F75A17 /* LaunchScreen.storyboard */ = {
			isa = PBXVariantGroup;
			children = (
				2C589078201D1C8D00F75A17 /* Base */,
			);
			name = LaunchScreen.storyboard;
			sourceTree = "<group>";
		};
/* End PBXVariantGroup section */

/* Begin XCBuildConfiguration section */
		2C58907B201D1C8D00F75A17 /* Debug */ = {
			isa = XCBuildConfiguration;
			buildSettings = {
				ALWAYS_SEARCH_USER_PATHS = NO;
				CLANG_ANALYZER_NONNULL = YES;
				CLANG_ANALYZER_NUMBER_OBJECT_CONVERSION = YES_AGGRESSIVE;
				CLANG_CXX_LANGUAGE_STANDARD = "gnu++14";
				CLANG_CXX_LIBRARY = "libc++";
				CLANG_ENABLE_MODULES = YES;
				CLANG_ENABLE_OBJC_ARC = YES;
				CLANG_WARN_BLOCK_CAPTURE_AUTORELEASING = YES;
				CLANG_WARN_BOOL_CONVERSION = YES;
				CLANG_WARN_COMMA = YES;
				CLANG_WARN_CONSTANT_CONVERSION = YES;
				CLANG_WARN_DIRECT_OBJC_ISA_USAGE = YES_ERROR;
				CLANG_WARN_DOCUMENTATION_COMMENTS = YES;
				CLANG_WARN_EMPTY_BODY = YES;
				CLANG_WARN_ENUM_CONVERSION = YES;
				CLANG_WARN_INFINITE_RECURSION = YES;
				CLANG_WARN_INT_CONVERSION = YES;
				CLANG_WARN_NON_LITERAL_NULL_CONVERSION = YES;
				CLANG_WARN_OBJC_LITERAL_CONVERSION = YES;
				CLANG_WARN_OBJC_ROOT_CLASS = YES_ERROR;
				CLANG_WARN_RANGE_LOOP_ANALYSIS = YES;
				CLANG_WARN_STRICT_PROTOTYPES = YES;
				CLANG_WARN_SUSPICIOUS_MOVE = YES;
				CLANG_WARN_UNGUARDED_AVAILABILITY = YES_AGGRESSIVE;
				CLANG_WARN_UNREACHABLE_CODE = YES;
				CLANG_WARN__DUPLICATE_METHOD_MATCH = YES;
				CODE_SIGN_IDENTITY = "iPhone Developer";
				COPY_PHASE_STRIP = NO;
				DEBUG_INFORMATION_FORMAT = dwarf;
				ENABLE_STRICT_OBJC_MSGSEND = YES;
				ENABLE_TESTABILITY = YES;
				GCC_C_LANGUAGE_STANDARD = gnu11;
				GCC_DYNAMIC_NO_PIC = NO;
				GCC_NO_COMMON_BLOCKS = YES;
				GCC_OPTIMIZATION_LEVEL = 0;
				GCC_PREPROCESSOR_DEFINITIONS = (
					"DEBUG=1",
					"$(inherited)",
				);
				GCC_WARN_64_TO_32_BIT_CONVERSION = YES;
				GCC_WARN_ABOUT_RETURN_TYPE = YES_ERROR;
				GCC_WARN_UNDECLARED_SELECTOR = YES;
				GCC_WARN_UNINITIALIZED_AUTOS = YES_AGGRESSIVE;
				GCC_WARN_UNUSED_FUNCTION = YES;
				GCC_WARN_UNUSED_VARIABLE = YES;
				IPHONEOS_DEPLOYMENT_TARGET = 11.2;
				MTL_ENABLE_DEBUG_INFO = YES;
				ONLY_ACTIVE_ARCH = YES;
				SDKROOT = iphoneos;
				SWIFT_ACTIVE_COMPILATION_CONDITIONS = DEBUG;
				SWIFT_OPTIMIZATION_LEVEL = "-Onone";
			};
			name = Debug;
		};
		2C58907C201D1C8D00F75A17 /* Release */ = {
			isa = XCBuildConfiguration;
			buildSettings = {
				ALWAYS_SEARCH_USER_PATHS = NO;
				CLANG_ANALYZER_NONNULL = YES;
				CLANG_ANALYZER_NUMBER_OBJECT_CONVERSION = YES_AGGRESSIVE;
				CLANG_CXX_LANGUAGE_STANDARD = "gnu++14";
				CLANG_CXX_LIBRARY = "libc++";
				CLANG_ENABLE_MODULES = YES;
				CLANG_ENABLE_OBJC_ARC = YES;
				CLANG_WARN_BLOCK_CAPTURE_AUTORELEASING = YES;
				CLANG_WARN_BOOL_CONVERSION = YES;
				CLANG_WARN_COMMA = YES;
				CLANG_WARN_CONSTANT_CONVERSION = YES;
				CLANG_WARN_DIRECT_OBJC_ISA_USAGE = YES_ERROR;
				CLANG_WARN_DOCUMENTATION_COMMENTS = YES;
				CLANG_WARN_EMPTY_BODY = YES;
				CLANG_WARN_ENUM_CONVERSION = YES;
				CLANG_WARN_INFINITE_RECURSION = YES;
				CLANG_WARN_INT_CONVERSION = YES;
				CLANG_WARN_NON_LITERAL_NULL_CONVERSION = YES;
				CLANG_WARN_OBJC_LITERAL_CONVERSION = YES;
				CLANG_WARN_OBJC_ROOT_CLASS = YES_ERROR;
				CLANG_WARN_RANGE_LOOP_ANALYSIS = YES;
				CLANG_WARN_STRICT_PROTOTYPES = YES;
				CLANG_WARN_SUSPICIOUS_MOVE = YES;
				CLANG_WARN_UNGUARDED_AVAILABILITY = YES_AGGRESSIVE;
				CLANG_WARN_UNREACHABLE_CODE = YES;
				CLANG_WARN__DUPLICATE_METHOD_MATCH = YES;
				CODE_SIGN_IDENTITY = "iPhone Developer";
				COPY_PHASE_STRIP = NO;
				DEBUG_INFORMATION_FORMAT = "dwarf-with-dsym";
				ENABLE_NS_ASSERTIONS = NO;
				ENABLE_STRICT_OBJC_MSGSEND = YES;
				GCC_C_LANGUAGE_STANDARD = gnu11;
				GCC_NO_COMMON_BLOCKS = YES;
				GCC_WARN_64_TO_32_BIT_CONVERSION = YES;
				GCC_WARN_ABOUT_RETURN_TYPE = YES_ERROR;
				GCC_WARN_UNDECLARED_SELECTOR = YES;
				GCC_WARN_UNINITIALIZED_AUTOS = YES_AGGRESSIVE;
				GCC_WARN_UNUSED_FUNCTION = YES;
				GCC_WARN_UNUSED_VARIABLE = YES;
				IPHONEOS_DEPLOYMENT_TARGET = 11.2;
				MTL_ENABLE_DEBUG_INFO = NO;
				SDKROOT = iphoneos;
				SWIFT_OPTIMIZATION_LEVEL = "-Owholemodule";
				VALIDATE_PRODUCT = YES;
			};
			name = Release;
		};
		2C58907E201D1C8D00F75A17 /* Debug */ = {
			isa = XCBuildConfiguration;
			baseConfigurationReference = 784C038A2660AFF450D40E06 /* Pods-BitcoinBlast.debug.xcconfig */;
			buildSettings = {
				ASSETCATALOG_COMPILER_APPICON_NAME = AppIcon;
				CODE_SIGN_STYLE = Automatic;
				DEVELOPMENT_TEAM = 9Y25BCSXRC;
				INFOPLIST_FILE = BitcoinBlast/Info.plist;
				LD_RUNPATH_SEARCH_PATHS = "$(inherited) @executable_path/Frameworks";
				PRODUCT_BUNDLE_IDENTIFIER = griffinbeels.BitcoinBlast;
				PRODUCT_NAME = "$(TARGET_NAME)";
				SWIFT_VERSION = 4.0;
				TARGETED_DEVICE_FAMILY = "1,2";
			};
			name = Debug;
		};
		2C58907F201D1C8D00F75A17 /* Release */ = {
			isa = XCBuildConfiguration;
			baseConfigurationReference = 22EC3335575189121188BC4D /* Pods-BitcoinBlast.release.xcconfig */;
			buildSettings = {
				ASSETCATALOG_COMPILER_APPICON_NAME = AppIcon;
				CODE_SIGN_STYLE = Automatic;
				DEVELOPMENT_TEAM = 9Y25BCSXRC;
				INFOPLIST_FILE = BitcoinBlast/Info.plist;
				LD_RUNPATH_SEARCH_PATHS = "$(inherited) @executable_path/Frameworks";
				PRODUCT_BUNDLE_IDENTIFIER = griffinbeels.BitcoinBlast;
				PRODUCT_NAME = "$(TARGET_NAME)";
				SWIFT_VERSION = 4.0;
				TARGETED_DEVICE_FAMILY = "1,2";
			};
			name = Release;
		};
/* End XCBuildConfiguration section */

/* Begin XCConfigurationList section */
		2C589060201D1C8D00F75A17 /* Build configuration list for PBXProject "BitcoinBlast" */ = {
			isa = XCConfigurationList;
			buildConfigurations = (
				2C58907B201D1C8D00F75A17 /* Debug */,
				2C58907C201D1C8D00F75A17 /* Release */,
			);
			defaultConfigurationIsVisible = 0;
			defaultConfigurationName = Release;
		};
		2C58907D201D1C8D00F75A17 /* Build configuration list for PBXNativeTarget "BitcoinBlast" */ = {
			isa = XCConfigurationList;
			buildConfigurations = (
				2C58907E201D1C8D00F75A17 /* Debug */,
				2C58907F201D1C8D00F75A17 /* Release */,
			);
			defaultConfigurationIsVisible = 0;
			defaultConfigurationName = Release;
		};
/* End XCConfigurationList section */
	};
	rootObject = 2C58905D201D1C8D00F75A17 /* Project object */;
}
